// !$*UTF8*$!
{
	archiveVersion = 1;
	classes = {
	};
	objectVersion = 50;
	objects = {

/* Begin PBXBuildFile section */
		AA309200257DD8DA00F70C47 /* AppDelegate.swift in Sources */ = {isa = PBXBuildFile; fileRef = AA3091FF257DD8DA00F70C47 /* AppDelegate.swift */; };
		AA309202257DD8DA00F70C47 /* SceneDelegate.swift in Sources */ = {isa = PBXBuildFile; fileRef = AA309201257DD8DA00F70C47 /* SceneDelegate.swift */; };
		AA309204257DD8DA00F70C47 /* ContentView.swift in Sources */ = {isa = PBXBuildFile; fileRef = AA309203257DD8DA00F70C47 /* ContentView.swift */; };
		AA309206257DD8DB00F70C47 /* Assets.xcassets in Resources */ = {isa = PBXBuildFile; fileRef = AA309205257DD8DB00F70C47 /* Assets.xcassets */; };
		AA309209257DD8DB00F70C47 /* Preview Assets.xcassets in Resources */ = {isa = PBXBuildFile; fileRef = AA309208257DD8DB00F70C47 /* Preview Assets.xcassets */; };
		AA30920C257DD8DB00F70C47 /* LaunchScreen.storyboard in Resources */ = {isa = PBXBuildFile; fileRef = AA30920A257DD8DB00F70C47 /* LaunchScreen.storyboard */; };
		AA309217257DD8DB00F70C47 /* BrainGamesTests.swift in Sources */ = {isa = PBXBuildFile; fileRef = AA309216257DD8DB00F70C47 /* BrainGamesTests.swift */; };
		AA309222257DD8DB00F70C47 /* BrainGamesUITests.swift in Sources */ = {isa = PBXBuildFile; fileRef = AA309221257DD8DB00F70C47 /* BrainGamesUITests.swift */; };
/* End PBXBuildFile section */

/* Begin PBXContainerItemProxy section */
		AA309213257DD8DB00F70C47 /* PBXContainerItemProxy */ = {
			isa = PBXContainerItemProxy;
			containerPortal = AA3091F4257DD8DA00F70C47 /* Project object */;
			proxyType = 1;
			remoteGlobalIDString = AA3091FB257DD8DA00F70C47;
			remoteInfo = BrainGames;
		};
		AA30921E257DD8DB00F70C47 /* PBXContainerItemProxy */ = {
			isa = PBXContainerItemProxy;
			containerPortal = AA3091F4257DD8DA00F70C47 /* Project object */;
			proxyType = 1;
			remoteGlobalIDString = AA3091FB257DD8DA00F70C47;
			remoteInfo = BrainGames;
		};
/* End PBXContainerItemProxy section */

/* Begin PBXFileReference section */
		AA3091FC257DD8DA00F70C47 /* BrainGames.app */ = {isa = PBXFileReference; explicitFileType = wrapper.application; includeInIndex = 0; path = BrainGames.app; sourceTree = BUILT_PRODUCTS_DIR; };
		AA3091FF257DD8DA00F70C47 /* AppDelegate.swift */ = {isa = PBXFileReference; lastKnownFileType = sourcecode.swift; path = AppDelegate.swift; sourceTree = "<group>"; };
		AA309201257DD8DA00F70C47 /* SceneDelegate.swift */ = {isa = PBXFileReference; lastKnownFileType = sourcecode.swift; path = SceneDelegate.swift; sourceTree = "<group>"; };
		AA309203257DD8DA00F70C47 /* ContentView.swift */ = {isa = PBXFileReference; lastKnownFileType = sourcecode.swift; path = ContentView.swift; sourceTree = "<group>"; };
		AA309205257DD8DB00F70C47 /* Assets.xcassets */ = {isa = PBXFileReference; lastKnownFileType = folder.assetcatalog; path = Assets.xcassets; sourceTree = "<group>"; };
		AA309208257DD8DB00F70C47 /* Preview Assets.xcassets */ = {isa = PBXFileReference; lastKnownFileType = folder.assetcatalog; path = "Preview Assets.xcassets"; sourceTree = "<group>"; };
		AA30920B257DD8DB00F70C47 /* Base */ = {isa = PBXFileReference; lastKnownFileType = file.storyboard; name = Base; path = Base.lproj/LaunchScreen.storyboard; sourceTree = "<group>"; };
		AA30920D257DD8DB00F70C47 /* Info.plist */ = {isa = PBXFileReference; lastKnownFileType = text.plist.xml; path = Info.plist; sourceTree = "<group>"; };
		AA309212257DD8DB00F70C47 /* BrainGamesTests.xctest */ = {isa = PBXFileReference; explicitFileType = wrapper.cfbundle; includeInIndex = 0; path = BrainGamesTests.xctest; sourceTree = BUILT_PRODUCTS_DIR; };
		AA309216257DD8DB00F70C47 /* BrainGamesTests.swift */ = {isa = PBXFileReference; lastKnownFileType = sourcecode.swift; path = BrainGamesTests.swift; sourceTree = "<group>"; };
		AA309218257DD8DB00F70C47 /* Info.plist */ = {isa = PBXFileReference; lastKnownFileType = text.plist.xml; path = Info.plist; sourceTree = "<group>"; };
		AA30921D257DD8DB00F70C47 /* BrainGamesUITests.xctest */ = {isa = PBXFileReference; explicitFileType = wrapper.cfbundle; includeInIndex = 0; path = BrainGamesUITests.xctest; sourceTree = BUILT_PRODUCTS_DIR; };
		AA309221257DD8DB00F70C47 /* BrainGamesUITests.swift */ = {isa = PBXFileReference; lastKnownFileType = sourcecode.swift; path = BrainGamesUITests.swift; sourceTree = "<group>"; };
		AA309223257DD8DB00F70C47 /* Info.plist */ = {isa = PBXFileReference; lastKnownFileType = text.plist.xml; path = Info.plist; sourceTree = "<group>"; };
/* End PBXFileReference section */

/* Begin PBXFrameworksBuildPhase section */
		AA3091F9257DD8DA00F70C47 /* Frameworks */ = {
			isa = PBXFrameworksBuildPhase;
			buildActionMask = 2147483647;
			files = (
			);
			runOnlyForDeploymentPostprocessing = 0;
		};
		AA30920F257DD8DB00F70C47 /* Frameworks */ = {
			isa = PBXFrameworksBuildPhase;
			buildActionMask = 2147483647;
			files = (
			);
			runOnlyForDeploymentPostprocessing = 0;
		};
		AA30921A257DD8DB00F70C47 /* Frameworks */ = {
			isa = PBXFrameworksBuildPhase;
			buildActionMask = 2147483647;
			files = (
			);
			runOnlyForDeploymentPostprocessing = 0;
		};
/* End PBXFrameworksBuildPhase section */

/* Begin PBXGroup section */
		AA3091F3257DD8DA00F70C47 = {
			isa = PBXGroup;
			children = (
				AA3091FE257DD8DA00F70C47 /* BrainGames */,
				AA309215257DD8DB00F70C47 /* BrainGamesTests */,
				AA309220257DD8DB00F70C47 /* BrainGamesUITests */,
				AA3091FD257DD8DA00F70C47 /* Products */,
			);
			sourceTree = "<group>";
		};
		AA3091FD257DD8DA00F70C47 /* Products */ = {
			isa = PBXGroup;
			children = (
				AA3091FC257DD8DA00F70C47 /* BrainGames.app */,
				AA309212257DD8DB00F70C47 /* BrainGamesTests.xctest */,
				AA30921D257DD8DB00F70C47 /* BrainGamesUITests.xctest */,
			);
			name = Products;
			sourceTree = "<group>";
		};
		AA3091FE257DD8DA00F70C47 /* BrainGames */ = {
			isa = PBXGroup;
			children = (
				AA3091FF257DD8DA00F70C47 /* AppDelegate.swift */,
				AA309201257DD8DA00F70C47 /* SceneDelegate.swift */,
				AA309203257DD8DA00F70C47 /* ContentView.swift */,
				AA309205257DD8DB00F70C47 /* Assets.xcassets */,
				AA30920A257DD8DB00F70C47 /* LaunchScreen.storyboard */,
				AA30920D257DD8DB00F70C47 /* Info.plist */,
				AA309207257DD8DB00F70C47 /* Preview Content */,
			);
			path = BrainGames;
			sourceTree = "<group>";
		};
		AA309207257DD8DB00F70C47 /* Preview Content */ = {
			isa = PBXGroup;
			children = (
				AA309208257DD8DB00F70C47 /* Preview Assets.xcassets */,
			);
			path = "Preview Content";
			sourceTree = "<group>";
		};
		AA309215257DD8DB00F70C47 /* BrainGamesTests */ = {
			isa = PBXGroup;
			children = (
				AA309216257DD8DB00F70C47 /* BrainGamesTests.swift */,
				AA309218257DD8DB00F70C47 /* Info.plist */,
			);
			path = BrainGamesTests;
			sourceTree = "<group>";
		};
		AA309220257DD8DB00F70C47 /* BrainGamesUITests */ = {
			isa = PBXGroup;
			children = (
				AA309221257DD8DB00F70C47 /* BrainGamesUITests.swift */,
				AA309223257DD8DB00F70C47 /* Info.plist */,
			);
			path = BrainGamesUITests;
			sourceTree = "<group>";
		};
/* End PBXGroup section */

/* Begin PBXNativeTarget section */
		AA3091FB257DD8DA00F70C47 /* BrainGames */ = {
			isa = PBXNativeTarget;
			buildConfigurationList = AA309226257DD8DB00F70C47 /* Build configuration list for PBXNativeTarget "BrainGames" */;
			buildPhases = (
				AA3091F8257DD8DA00F70C47 /* Sources */,
				AA3091F9257DD8DA00F70C47 /* Frameworks */,
				AA3091FA257DD8DA00F70C47 /* Resources */,
			);
			buildRules = (
			);
			dependencies = (
			);
			name = BrainGames;
			productName = BrainGames;
			productReference = AA3091FC257DD8DA00F70C47 /* BrainGames.app */;
			productType = "com.apple.product-type.application";
		};
		AA309211257DD8DB00F70C47 /* BrainGamesTests */ = {
			isa = PBXNativeTarget;
			buildConfigurationList = AA309229257DD8DB00F70C47 /* Build configuration list for PBXNativeTarget "BrainGamesTests" */;
			buildPhases = (
				AA30920E257DD8DB00F70C47 /* Sources */,
				AA30920F257DD8DB00F70C47 /* Frameworks */,
				AA309210257DD8DB00F70C47 /* Resources */,
			);
			buildRules = (
			);
			dependencies = (
				AA309214257DD8DB00F70C47 /* PBXTargetDependency */,
			);
			name = BrainGamesTests;
			productName = BrainGamesTests;
			productReference = AA309212257DD8DB00F70C47 /* BrainGamesTests.xctest */;
			productType = "com.apple.product-type.bundle.unit-test";
		};
		AA30921C257DD8DB00F70C47 /* BrainGamesUITests */ = {
			isa = PBXNativeTarget;
			buildConfigurationList = AA30922C257DD8DB00F70C47 /* Build configuration list for PBXNativeTarget "BrainGamesUITests" */;
			buildPhases = (
				AA309219257DD8DB00F70C47 /* Sources */,
				AA30921A257DD8DB00F70C47 /* Frameworks */,
				AA30921B257DD8DB00F70C47 /* Resources */,
			);
			buildRules = (
			);
			dependencies = (
				AA30921F257DD8DB00F70C47 /* PBXTargetDependency */,
			);
			name = BrainGamesUITests;
			productName = BrainGamesUITests;
			productReference = AA30921D257DD8DB00F70C47 /* BrainGamesUITests.xctest */;
			productType = "com.apple.product-type.bundle.ui-testing";
		};
/* End PBXNativeTarget section */

/* Begin PBXProject section */
		AA3091F4257DD8DA00F70C47 /* Project object */ = {
			isa = PBXProject;
			attributes = {
				LastSwiftUpdateCheck = 1200;
				LastUpgradeCheck = 1200;
				TargetAttributes = {
					AA3091FB257DD8DA00F70C47 = {
						CreatedOnToolsVersion = 12.0;
					};
					AA309211257DD8DB00F70C47 = {
						CreatedOnToolsVersion = 12.0;
						TestTargetID = AA3091FB257DD8DA00F70C47;
					};
					AA30921C257DD8DB00F70C47 = {
						CreatedOnToolsVersion = 12.0;
						TestTargetID = AA3091FB257DD8DA00F70C47;
					};
				};
			};
			buildConfigurationList = AA3091F7257DD8DA00F70C47 /* Build configuration list for PBXProject "BrainGames" */;
			compatibilityVersion = "Xcode 9.3";
			developmentRegion = en;
			hasScannedForEncodings = 0;
			knownRegions = (
				en,
				Base,
			);
			mainGroup = AA3091F3257DD8DA00F70C47;
			productRefGroup = AA3091FD257DD8DA00F70C47 /* Products */;
			projectDirPath = "";
			projectRoot = "";
			targets = (
				AA3091FB257DD8DA00F70C47 /* BrainGames */,
				AA309211257DD8DB00F70C47 /* BrainGamesTests */,
				AA30921C257DD8DB00F70C47 /* BrainGamesUITests */,
			);
		};
/* End PBXProject section */

/* Begin PBXResourcesBuildPhase section */
		AA3091FA257DD8DA00F70C47 /* Resources */ = {
			isa = PBXResourcesBuildPhase;
			buildActionMask = 2147483647;
			files = (
				AA30920C257DD8DB00F70C47 /* LaunchScreen.storyboard in Resources */,
				AA309209257DD8DB00F70C47 /* Preview Assets.xcassets in Resources */,
				AA309206257DD8DB00F70C47 /* Assets.xcassets in Resources */,
			);
			runOnlyForDeploymentPostprocessing = 0;
		};
		AA309210257DD8DB00F70C47 /* Resources */ = {
			isa = PBXResourcesBuildPhase;
			buildActionMask = 2147483647;
			files = (
			);
			runOnlyForDeploymentPostprocessing = 0;
		};
		AA30921B257DD8DB00F70C47 /* Resources */ = {
			isa = PBXResourcesBuildPhase;
			buildActionMask = 2147483647;
			files = (
			);
			runOnlyForDeploymentPostprocessing = 0;
		};
/* End PBXResourcesBuildPhase section */

/* Begin PBXSourcesBuildPhase section */
		AA3091F8257DD8DA00F70C47 /* Sources */ = {
			isa = PBXSourcesBuildPhase;
			buildActionMask = 2147483647;
			files = (
				AA309200257DD8DA00F70C47 /* AppDelegate.swift in Sources */,
				AA309202257DD8DA00F70C47 /* SceneDelegate.swift in Sources */,
				AA309204257DD8DA00F70C47 /* ContentView.swift in Sources */,
			);
			runOnlyForDeploymentPostprocessing = 0;
		};
		AA30920E257DD8DB00F70C47 /* Sources */ = {
			isa = PBXSourcesBuildPhase;
			buildActionMask = 2147483647;
			files = (
				AA309217257DD8DB00F70C47 /* BrainGamesTests.swift in Sources */,
			);
			runOnlyForDeploymentPostprocessing = 0;
		};
		AA309219257DD8DB00F70C47 /* Sources */ = {
			isa = PBXSourcesBuildPhase;
			buildActionMask = 2147483647;
			files = (
				AA309222257DD8DB00F70C47 /* BrainGamesUITests.swift in Sources */,
			);
			runOnlyForDeploymentPostprocessing = 0;
		};
/* End PBXSourcesBuildPhase section */

/* Begin PBXTargetDependency section */
		AA309214257DD8DB00F70C47 /* PBXTargetDependency */ = {
			isa = PBXTargetDependency;
			target = AA3091FB257DD8DA00F70C47 /* BrainGames */;
			targetProxy = AA309213257DD8DB00F70C47 /* PBXContainerItemProxy */;
		};
		AA30921F257DD8DB00F70C47 /* PBXTargetDependency */ = {
			isa = PBXTargetDependency;
			target = AA3091FB257DD8DA00F70C47 /* BrainGames */;
			targetProxy = AA30921E257DD8DB00F70C47 /* PBXContainerItemProxy */;
		};
/* End PBXTargetDependency section */

/* Begin PBXVariantGroup section */
		AA30920A257DD8DB00F70C47 /* LaunchScreen.storyboard */ = {
			isa = PBXVariantGroup;
			children = (
				AA30920B257DD8DB00F70C47 /* Base */,
			);
			name = LaunchScreen.storyboard;
			sourceTree = "<group>";
		};
/* End PBXVariantGroup section */

/* Begin XCBuildConfiguration section */
		AA309224257DD8DB00F70C47 /* Debug */ = {
			isa = XCBuildConfiguration;
			buildSettings = {
				ALWAYS_SEARCH_USER_PATHS = NO;
				CLANG_ANALYZER_NONNULL = YES;
				CLANG_ANALYZER_NUMBER_OBJECT_CONVERSION = YES_AGGRESSIVE;
				CLANG_CXX_LANGUAGE_STANDARD = "gnu++14";
				CLANG_CXX_LIBRARY = "libc++";
				CLANG_ENABLE_MODULES = YES;
				CLANG_ENABLE_OBJC_ARC = YES;
				CLANG_ENABLE_OBJC_WEAK = YES;
				CLANG_WARN_BLOCK_CAPTURE_AUTORELEASING = YES;
				CLANG_WARN_BOOL_CONVERSION = YES;
				CLANG_WARN_COMMA = YES;
				CLANG_WARN_CONSTANT_CONVERSION = YES;
				CLANG_WARN_DEPRECATED_OBJC_IMPLEMENTATIONS = YES;
				CLANG_WARN_DIRECT_OBJC_ISA_USAGE = YES_ERROR;
				CLANG_WARN_DOCUMENTATION_COMMENTS = YES;
				CLANG_WARN_EMPTY_BODY = YES;
				CLANG_WARN_ENUM_CONVERSION = YES;
				CLANG_WARN_INFINITE_RECURSION = YES;
				CLANG_WARN_INT_CONVERSION = YES;
				CLANG_WARN_NON_LITERAL_NULL_CONVERSION = YES;
				CLANG_WARN_OBJC_IMPLICIT_RETAIN_SELF = YES;
				CLANG_WARN_OBJC_LITERAL_CONVERSION = YES;
				CLANG_WARN_OBJC_ROOT_CLASS = YES_ERROR;
				CLANG_WARN_QUOTED_INCLUDE_IN_FRAMEWORK_HEADER = YES;
				CLANG_WARN_RANGE_LOOP_ANALYSIS = YES;
				CLANG_WARN_STRICT_PROTOTYPES = YES;
				CLANG_WARN_SUSPICIOUS_MOVE = YES;
				CLANG_WARN_UNGUARDED_AVAILABILITY = YES_AGGRESSIVE;
				CLANG_WARN_UNREACHABLE_CODE = YES;
				CLANG_WARN__DUPLICATE_METHOD_MATCH = YES;
				COPY_PHASE_STRIP = NO;
				DEBUG_INFORMATION_FORMAT = dwarf;
				ENABLE_STRICT_OBJC_MSGSEND = YES;
				ENABLE_TESTABILITY = YES;
				GCC_C_LANGUAGE_STANDARD = gnu11;
				GCC_DYNAMIC_NO_PIC = NO;
				GCC_NO_COMMON_BLOCKS = YES;
				GCC_OPTIMIZATION_LEVEL = 0;
				GCC_PREPROCESSOR_DEFINITIONS = (
					"DEBUG=1",
					"$(inherited)",
				);
				GCC_WARN_64_TO_32_BIT_CONVERSION = YES;
				GCC_WARN_ABOUT_RETURN_TYPE = YES_ERROR;
				GCC_WARN_UNDECLARED_SELECTOR = YES;
				GCC_WARN_UNINITIALIZED_AUTOS = YES_AGGRESSIVE;
				GCC_WARN_UNUSED_FUNCTION = YES;
				GCC_WARN_UNUSED_VARIABLE = YES;
				IPHONEOS_DEPLOYMENT_TARGET = 14.0;
				MTL_ENABLE_DEBUG_INFO = INCLUDE_SOURCE;
				MTL_FAST_MATH = YES;
				ONLY_ACTIVE_ARCH = YES;
				SDKROOT = iphoneos;
				SWIFT_ACTIVE_COMPILATION_CONDITIONS = DEBUG;
				SWIFT_OPTIMIZATION_LEVEL = "-Onone";
			};
			name = Debug;
		};
		AA309225257DD8DB00F70C47 /* Release */ = {
			isa = XCBuildConfiguration;
			buildSettings = {
				ALWAYS_SEARCH_USER_PATHS = NO;
				CLANG_ANALYZER_NONNULL = YES;
				CLANG_ANALYZER_NUMBER_OBJECT_CONVERSION = YES_AGGRESSIVE;
				CLANG_CXX_LANGUAGE_STANDARD = "gnu++14";
				CLANG_CXX_LIBRARY = "libc++";
				CLANG_ENABLE_MODULES = YES;
				CLANG_ENABLE_OBJC_ARC = YES;
				CLANG_ENABLE_OBJC_WEAK = YES;
				CLANG_WARN_BLOCK_CAPTURE_AUTORELEASING = YES;
				CLANG_WARN_BOOL_CONVERSION = YES;
				CLANG_WARN_COMMA = YES;
				CLANG_WARN_CONSTANT_CONVERSION = YES;
				CLANG_WARN_DEPRECATED_OBJC_IMPLEMENTATIONS = YES;
				CLANG_WARN_DIRECT_OBJC_ISA_USAGE = YES_ERROR;
				CLANG_WARN_DOCUMENTATION_COMMENTS = YES;
				CLANG_WARN_EMPTY_BODY = YES;
				CLANG_WARN_ENUM_CONVERSION = YES;
				CLANG_WARN_INFINITE_RECURSION = YES;
				CLANG_WARN_INT_CONVERSION = YES;
				CLANG_WARN_NON_LITERAL_NULL_CONVERSION = YES;
				CLANG_WARN_OBJC_IMPLICIT_RETAIN_SELF = YES;
				CLANG_WARN_OBJC_LITERAL_CONVERSION = YES;
				CLANG_WARN_OBJC_ROOT_CLASS = YES_ERROR;
				CLANG_WARN_QUOTED_INCLUDE_IN_FRAMEWORK_HEADER = YES;
				CLANG_WARN_RANGE_LOOP_ANALYSIS = YES;
				CLANG_WARN_STRICT_PROTOTYPES = YES;
				CLANG_WARN_SUSPICIOUS_MOVE = YES;
				CLANG_WARN_UNGUARDED_AVAILABILITY = YES_AGGRESSIVE;
				CLANG_WARN_UNREACHABLE_CODE = YES;
				CLANG_WARN__DUPLICATE_METHOD_MATCH = YES;
				COPY_PHASE_STRIP = NO;
				DEBUG_INFORMATION_FORMAT = "dwarf-with-dsym";
				ENABLE_NS_ASSERTIONS = NO;
				ENABLE_STRICT_OBJC_MSGSEND = YES;
				GCC_C_LANGUAGE_STANDARD = gnu11;
				GCC_NO_COMMON_BLOCKS = YES;
				GCC_WARN_64_TO_32_BIT_CONVERSION = YES;
				GCC_WARN_ABOUT_RETURN_TYPE = YES_ERROR;
				GCC_WARN_UNDECLARED_SELECTOR = YES;
				GCC_WARN_UNINITIALIZED_AUTOS = YES_AGGRESSIVE;
				GCC_WARN_UNUSED_FUNCTION = YES;
				GCC_WARN_UNUSED_VARIABLE = YES;
				IPHONEOS_DEPLOYMENT_TARGET = 14.0;
				MTL_ENABLE_DEBUG_INFO = NO;
				MTL_FAST_MATH = YES;
				SDKROOT = iphoneos;
				SWIFT_COMPILATION_MODE = wholemodule;
				SWIFT_OPTIMIZATION_LEVEL = "-O";
				VALIDATE_PRODUCT = YES;
			};
			name = Release;
		};
		AA309227257DD8DB00F70C47 /* Debug */ = {
			isa = XCBuildConfiguration;
			buildSettings = {
				ASSETCATALOG_COMPILER_APPICON_NAME = AppIcon;
				ASSETCATALOG_COMPILER_GLOBAL_ACCENT_COLOR_NAME = AccentColor;
				CODE_SIGN_STYLE = Automatic;
				DEVELOPMENT_ASSET_PATHS = "\"BrainGames/Preview Content\"";
				ENABLE_PREVIEWS = YES;
				INFOPLIST_FILE = BrainGames/Info.plist;
				LD_RUNPATH_SEARCH_PATHS = (
					"$(inherited)",
					"@executable_path/Frameworks",
				);
				PRODUCT_BUNDLE_IDENTIFIER = "Ryan-Keys.BrainGames";
				PRODUCT_NAME = "$(TARGET_NAME)";
				SWIFT_VERSION = 5.0;
				TARGETED_DEVICE_FAMILY = "1,2";
			};
			name = Debug;
		};
		AA309228257DD8DB00F70C47 /* Release */ = {
			isa = XCBuildConfiguration;
			buildSettings = {
				ASSETCATALOG_COMPILER_APPICON_NAME = AppIcon;
				ASSETCATALOG_COMPILER_GLOBAL_ACCENT_COLOR_NAME = AccentColor;
				CODE_SIGN_STYLE = Automatic;
				DEVELOPMENT_ASSET_PATHS = "\"BrainGames/Preview Content\"";
				ENABLE_PREVIEWS = YES;
				INFOPLIST_FILE = BrainGames/Info.plist;
				LD_RUNPATH_SEARCH_PATHS = (
					"$(inherited)",
					"@executable_path/Frameworks",
				);
				PRODUCT_BUNDLE_IDENTIFIER = "Ryan-Keys.BrainGames";
				PRODUCT_NAME = "$(TARGET_NAME)";
				SWIFT_VERSION = 5.0;
				TARGETED_DEVICE_FAMILY = "1,2";
			};
			name = Release;
		};
		AA30922A257DD8DB00F70C47 /* Debug */ = {
			isa = XCBuildConfiguration;
			buildSettings = {
				ALWAYS_EMBED_SWIFT_STANDARD_LIBRARIES = YES;
				BUNDLE_LOADER = "$(TEST_HOST)";
				CODE_SIGN_STYLE = Automatic;
				INFOPLIST_FILE = BrainGamesTests/Info.plist;
				IPHONEOS_DEPLOYMENT_TARGET = 14.0;
				LD_RUNPATH_SEARCH_PATHS = (
					"$(inherited)",
					"@executable_path/Frameworks",
					"@loader_path/Frameworks",
				);
				PRODUCT_BUNDLE_IDENTIFIER = "Ryan-Keys.BrainGamesTests";
				PRODUCT_NAME = "$(TARGET_NAME)";
				SWIFT_VERSION = 5.0;
				TARGETED_DEVICE_FAMILY = "1,2";
				TEST_HOST = "$(BUILT_PRODUCTS_DIR)/BrainGames.app/BrainGames";
			};
			name = Debug;
		};
		AA30922B257DD8DB00F70C47 /* Release */ = {
			isa = XCBuildConfiguration;
			buildSettings = {
				ALWAYS_EMBED_SWIFT_STANDARD_LIBRARIES = YES;
				BUNDLE_LOADER = "$(TEST_HOST)";
				CODE_SIGN_STYLE = Automatic;
				INFOPLIST_FILE = BrainGamesTests/Info.plist;
				IPHONEOS_DEPLOYMENT_TARGET = 14.0;
				LD_RUNPATH_SEARCH_PATHS = (
					"$(inherited)",
					"@executable_path/Frameworks",
					"@loader_path/Frameworks",
				);
				PRODUCT_BUNDLE_IDENTIFIER = "Ryan-Keys.BrainGamesTests";
				PRODUCT_NAME = "$(TARGET_NAME)";
				SWIFT_VERSION = 5.0;
				TARGETED_DEVICE_FAMILY = "1,2";
				TEST_HOST = "$(BUILT_PRODUCTS_DIR)/BrainGames.app/BrainGames";
			};
			name = Release;
		};
		AA30922D257DD8DB00F70C47 /* Debug */ = {
			isa = XCBuildConfiguration;
			buildSettings = {
				ALWAYS_EMBED_SWIFT_STANDARD_LIBRARIES = YES;
				CODE_SIGN_STYLE = Automatic;
				INFOPLIST_FILE = BrainGamesUITests/Info.plist;
				LD_RUNPATH_SEARCH_PATHS = (
					"$(inherited)",
					"@executable_path/Frameworks",
					"@loader_path/Frameworks",
				);
				PRODUCT_BUNDLE_IDENTIFIER = "Ryan-Keys.BrainGamesUITests";
				PRODUCT_NAME = "$(TARGET_NAME)";
				SWIFT_VERSION = 5.0;
				TARGETED_DEVICE_FAMILY = "1,2";
				TEST_TARGET_NAME = BrainGames;
			};
			name = Debug;
		};
		AA30922E257DD8DB00F70C47 /* Release */ = {
			isa = XCBuildConfiguration;
			buildSettings = {
				ALWAYS_EMBED_SWIFT_STANDARD_LIBRARIES = YES;
				CODE_SIGN_STYLE = Automatic;
				INFOPLIST_FILE = BrainGamesUITests/Info.plist;
				LD_RUNPATH_SEARCH_PATHS = (
					"$(inherited)",
					"@executable_path/Frameworks",
					"@loader_path/Frameworks",
				);
				PRODUCT_BUNDLE_IDENTIFIER = "Ryan-Keys.BrainGamesUITests";
				PRODUCT_NAME = "$(TARGET_NAME)";
				SWIFT_VERSION = 5.0;
				TARGETED_DEVICE_FAMILY = "1,2";
				TEST_TARGET_NAME = BrainGames;
			};
			name = Release;
		};
/* End XCBuildConfiguration section */

/* Begin XCConfigurationList section */
		AA3091F7257DD8DA00F70C47 /* Build configuration list for PBXProject "BrainGames" */ = {
			isa = XCConfigurationList;
			buildConfigurations = (
				AA309224257DD8DB00F70C47 /* Debug */,
				AA309225257DD8DB00F70C47 /* Release */,
			);
			defaultConfigurationIsVisible = 0;
			defaultConfigurationName = Release;
		};
		AA309226257DD8DB00F70C47 /* Build configuration list for PBXNativeTarget "BrainGames" */ = {
			isa = XCConfigurationList;
			buildConfigurations = (
				AA309227257DD8DB00F70C47 /* Debug */,
				AA309228257DD8DB00F70C47 /* Release */,
			);
			defaultConfigurationIsVisible = 0;
			defaultConfigurationName = Release;
		};
		AA309229257DD8DB00F70C47 /* Build configuration list for PBXNativeTarget "BrainGamesTests" */ = {
			isa = XCConfigurationList;
			buildConfigurations = (
				AA30922A257DD8DB00F70C47 /* Debug */,
				AA30922B257DD8DB00F70C47 /* Release */,
			);
			defaultConfigurationIsVisible = 0;
			defaultConfigurationName = Release;
		};
		AA30922C257DD8DB00F70C47 /* Build configuration list for PBXNativeTarget "BrainGamesUITests" */ = {
			isa = XCConfigurationList;
			buildConfigurations = (
				AA30922D257DD8DB00F70C47 /* Debug */,
				AA30922E257DD8DB00F70C47 /* Release */,
			);
			defaultConfigurationIsVisible = 0;
			defaultConfigurationName = Release;
		};
/* End XCConfigurationList section */
	};
	rootObject = AA3091F4257DD8DA00F70C47 /* Project object */;
}
